
Microsoft Visual Studio Solution File, Format Version 12.00
# Visual Studio 15
Project("{FAE04EC0-301F-11D3-BF4B-00C04F79EFBC}") = "第五节课", "第五节课.csproj", "{43E396AD-7847-4EAD-A6C4-86DB9DD4C605}"
EndProject
Project("{FAE04EC0-301F-11D3-BF4B-00C04F79EFBC}") = "OrderService.Tests", "OrderService.Tests\OrderService.Tests.csproj", "{A8EBDBDC-287C-4ED2-8933-CE84D95D5AA3}"
EndProject
Global
	GlobalSection(SolutionConfigurationPlatforms) = preSolution
		Debug|Any CPU = Debug|Any CPU
		Release|Any CPU = Release|Any CPU
	EndGlobalSection
	GlobalSection(ProjectConfigurationPlatforms) = postSolution
		{43E396AD-7847-4EAD-A6C4-86DB9DD4C605}.Debug|Any CPU.ActiveCfg = Debug|Any CPU
		{43E396AD-7847-4EAD-A6C4-86DB9DD4C605}.Debug|Any CPU.Build.0 = Debug|Any CPU
		{43E396AD-7847-4EAD-A6C4-86DB9DD4C605}.Release|Any CPU.ActiveCfg = Release|Any CPU
		{43E396AD-7847-4EAD-A6C4-86DB9DD4C605}.Release|Any CPU.Build.0 = Release|Any CPU
		{A8EBDBDC-287C-4ED2-8933-CE84D95D5AA3}.Debug|Any CPU.ActiveCfg = Debug|Any CPU
		{A8EBDBDC-287C-4ED2-8933-CE84D95D5AA3}.Debug|Any CPU.Build.0 = Debug|Any CPU
		{A8EBDBDC-287C-4ED2-8933-CE84D95D5AA3}.Release|Any CPU.ActiveCfg = Release|Any CPU
		{A8EBDBDC-287C-4ED2-8933-CE84D95D5AA3}.Release|Any CPU.Build.0 = Release|Any CPU
	EndGlobalSection
EndGlobal
