
Microsoft Visual Studio Solution File, Format Version 12.00
# Visual Studio Version 16
VisualStudioVersion = 16.0.29806.167
MinimumVisualStudioVersion = 10.0.40219.1
Project("{FAE04EC0-301F-11D3-BF4B-00C04F79EFBC}") = "CayleyTree", "CayleyTree\CayleyTree.csproj", "{702D5D15-54C7-4DEA-9C4D-762E57AA5427}"
EndProject
Global
	GlobalSection(SolutionConfigurationPlatforms) = preSolution
		Debug|Any CPU = Debug|Any CPU
		Release|Any CPU = Release|Any CPU
	EndGlobalSection
	GlobalSection(ProjectConfigurationPlatforms) = postSolution
		{702D5D15-54C7-4DEA-9C4D-762E57AA5427}.Debug|Any CPU.ActiveCfg = Debug|Any CPU
		{702D5D15-54C7-4DEA-9C4D-762E57AA5427}.Debug|Any CPU.Build.0 = Debug|Any CPU
		{702D5D15-54C7-4DEA-9C4D-762E57AA5427}.Release|Any CPU.ActiveCfg = Release|Any CPU
		{702D5D15-54C7-4DEA-9C4D-762E57AA5427}.Release|Any CPU.Build.0 = Release|Any CPU
	EndGlobalSection
	GlobalSection(SolutionProperties) = preSolution
		HideSolutionNode = FALSE
	EndGlobalSection
	GlobalSection(ExtensibilityGlobals) = postSolution
		SolutionGuid = {6164B537-F02D-44F5-A94B-8AE4200599C3}
	EndGlobalSection
EndGlobal
